
Microsoft Visual Studio Solution File, Format Version 12.00
# Visual Studio Version 16
VisualStudioVersion = 16.0.31424.327
MinimumVisualStudioVersion = 10.0.40219.1
Project("{9A19103F-16F7-4668-BE54-9A1E7A4F7556}") = "CQRSwithCDC.Logic", "CQRSwithCDC.Logic\CQRSwithCDC.Logic.csproj", "{5A6DBBAC-B742-454E-B820-6C1D269DB6CB}"
EndProject
Project("{9A19103F-16F7-4668-BE54-9A1E7A4F7556}") = "CQRSwithCDC.API", "CQRSwithCDC.API\CQRSwithCDC.API.csproj", "{7850E787-CAB2-4A5B-BEB4-7783D42BE7E8}"
EndProject
Project("{FAE04EC0-301F-11D3-BF4B-00C04F79EFBC}") = "CQRSwithCDC.Read", "CQRSwithCDC.Read\CQRSwithCDC.Read.csproj", "{DFF9CEF7-1F51-44B1-AD4C-824498792396}"
EndProject
Global
	GlobalSection(SolutionConfigurationPlatforms) = preSolution
		Debug|Any CPU = Debug|Any CPU
		Release|Any CPU = Release|Any CPU
	EndGlobalSection
	GlobalSection(ProjectConfigurationPlatforms) = postSolution
		{5A6DBBAC-B742-454E-B820-6C1D269DB6CB}.Debug|Any CPU.ActiveCfg = Debug|Any CPU
		{5A6DBBAC-B742-454E-B820-6C1D269DB6CB}.Debug|Any CPU.Build.0 = Debug|Any CPU
		{5A6DBBAC-B742-454E-B820-6C1D269DB6CB}.Release|Any CPU.ActiveCfg = Release|Any CPU
		{5A6DBBAC-B742-454E-B820-6C1D269DB6CB}.Release|Any CPU.Build.0 = Release|Any CPU
		{7850E787-CAB2-4A5B-BEB4-7783D42BE7E8}.Debug|Any CPU.ActiveCfg = Debug|Any CPU
		{7850E787-CAB2-4A5B-BEB4-7783D42BE7E8}.Debug|Any CPU.Build.0 = Debug|Any CPU
		{7850E787-CAB2-4A5B-BEB4-7783D42BE7E8}.Release|Any CPU.ActiveCfg = Release|Any CPU
		{7850E787-CAB2-4A5B-BEB4-7783D42BE7E8}.Release|Any CPU.Build.0 = Release|Any CPU
		{DFF9CEF7-1F51-44B1-AD4C-824498792396}.Debug|Any CPU.ActiveCfg = Debug|Any CPU
		{DFF9CEF7-1F51-44B1-AD4C-824498792396}.Debug|Any CPU.Build.0 = Debug|Any CPU
		{DFF9CEF7-1F51-44B1-AD4C-824498792396}.Release|Any CPU.ActiveCfg = Release|Any CPU
		{DFF9CEF7-1F51-44B1-AD4C-824498792396}.Release|Any CPU.Build.0 = Release|Any CPU
	EndGlobalSection
	GlobalSection(SolutionProperties) = preSolution
		HideSolutionNode = FALSE
	EndGlobalSection
	GlobalSection(ExtensibilityGlobals) = postSolution
		SolutionGuid = {02FA0E27-1A3B-4B80-AF45-DF900CCB8364}
	EndGlobalSection
EndGlobal
